{
  "name": "sport",
  "lockfileVersion": 2,
  "requires": true,
  "packages": {
    "": {
      "devDependencies": {
        "@types/ali-oss": "^6.16.11",
        "@types/bcrypt": "^6.0.0",
        "@types/cors": "^2.8.19",
        "@types/jsonwebtoken": "^9.0.10",
        "@types/morgan": "^1.9.10",
        "@types/uuid": "^10.0.0"
      }
    },
    "node_modules/@types/ali-oss": {
      "version": "6.16.11",
      "resolved": "https://registry.npmjs.org/@types/ali-oss/-/ali-oss-6.16.11.tgz",
      "integrity": "sha512-/AyemPZy93ZXGzEokMsoPFgjH37snpzH4X/fwans/n63HLaCleriCG3PyrkHCPkgHEc9vj9Uo6paqsBN3vJ3OA==",
      "dev": true
    },
    "node_modules/@types/bcrypt": {
      "version": "6.0.0",
      "resolved": "https://registry.npmjs.org/@types/bcrypt/-/bcrypt-6.0.0.tgz",
      "integrity": "sha512-/oJGukuH3D2+D+3H4JWLaAsJ/ji86dhRidzZ/Od7H/i8g+aCmvkeCc6Ni/f9uxGLSQVCRZkX2/lqEFG2BvWtlQ==",
      "dev": true,
      "dependencies": {
        "@types/node": "*"
      }
    },
    "node_modules/@types/cors": {
      "version": "2.8.19",
      "resolved": "https://registry.npmjs.org/@types/cors/-/cors-2.8.19.tgz",
      "integrity": "sha512-mFNylyeyqN93lfe/9CSxOGREz8cpzAhH+E93xJ4xWQf62V8sQ/24reV2nyzUWM6H6Xji+GGHpkbLe7pVoUEskg==",
      "dev": true,
      "dependencies": {
        "@types/node": "*"
      }
    },
    "node_modules/@types/jsonwebtoken": {
      "version": "9.0.10",
      "resolved": "https://registry.npmjs.org/@types/jsonwebtoken/-/jsonwebtoken-9.0.10.tgz",
      "integrity": "sha512-asx5hIG9Qmf/1oStypjanR7iKTv0gXQ1Ov/jfrX6kS/EO0OFni8orbmGCn0672NHR3kXHwpAwR+B368ZGN/2rA==",
      "dev": true,
      "dependencies": {
        "@types/ms": "*",
        "@types/node": "*"
      }
    },
    "node_modules/@types/morgan": {
      "version": "1.9.10",
      "resolved": "https://registry.npmjs.org/@types/morgan/-/morgan-1.9.10.tgz",
      "integrity": "sha512-sS4A1zheMvsADRVfT0lYbJ4S9lmsey8Zo2F7cnbYjWHP67Q0AwMYuuzLlkIM2N8gAbb9cubhIVFwcIN2XyYCkA==",
      "dev": true,
      "dependencies": {
        "@types/node": "*"
      }
    },
    "node_modules/@types/ms": {
      "version": "2.1.0",
      "resolved": "https://registry.npmjs.org/@types/ms/-/ms-2.1.0.tgz",
      "integrity": "sha512-GsCCIZDE/p3i96vtEqx+7dBUGXrc7zeSK3wwPHIaRThS+9OhWIXRqzs4d6k1SVU8g91DrNRWxWUGhp5KXQb2VA==",
      "dev": true
    },
    "node_modules/@types/node": {
      "version": "24.1.0",
      "resolved": "https://registry.npmjs.org/@types/node/-/node-24.1.0.tgz",
      "integrity": "sha512-ut5FthK5moxFKH2T1CUOC6ctR67rQRvvHdFLCD2Ql6KXmMuCrjsSsRI9UsLCm9M18BMwClv4pn327UvB7eeO1w==",
      "dev": true,
      "dependencies": {
        "undici-types": "~7.8.0"
      }
    },
    "node_modules/@types/uuid": {
      "version": "10.0.0",
      "resolved": "https://registry.npmjs.org/@types/uuid/-/uuid-10.0.0.tgz",
      "integrity": "sha512-7gqG38EyHgyP1S+7+xomFtL+ZNHcKv6DwNaCZmJmo1vgMugyF3TCnXVg4t1uk89mLNwnLtnY3TpOpCOyp1/xHQ==",
      "dev": true
    },
    "node_modules/undici-types": {
      "version": "7.8.0",
      "resolved": "https://registry.npmjs.org/undici-types/-/undici-types-7.8.0.tgz",
      "integrity": "sha512-9UJ2xGDvQ43tYyVMpuHlsgApydB8ZKfVYTsLDhXkFL/6gfkp+U8xTGdh8pMJv1SpZna0zxG1DwsKZsreLbXBxw==",
      "dev": true
    }
  },
  "dependencies": {
    "@types/ali-oss": {
      "version": "6.16.11",
      "resolved": "https://registry.npmjs.org/@types/ali-oss/-/ali-oss-6.16.11.tgz",
      "integrity": "sha512-/AyemPZy93ZXGzEokMsoPFgjH37snpzH4X/fwans/n63HLaCleriCG3PyrkHCPkgHEc9vj9Uo6paqsBN3vJ3OA==",
      "dev": true
    },
    "@types/bcrypt": {
      "version": "6.0.0",
      "resolved": "https://registry.npmjs.org/@types/bcrypt/-/bcrypt-6.0.0.tgz",
      "integrity": "sha512-/oJGukuH3D2+D+3H4JWLaAsJ/ji86dhRidzZ/Od7H/i8g+aCmvkeCc6Ni/f9uxGLSQVCRZkX2/lqEFG2BvWtlQ==",
      "dev": true,
      "requires": {
        "@types/node": "*"
      }
    },
    "@types/cors": {
      "version": "2.8.19",
      "resolved": "https://registry.npmjs.org/@types/cors/-/cors-2.8.19.tgz",
      "integrity": "sha512-mFNylyeyqN93lfe/9CSxOGREz8cpzAhH+E93xJ4xWQf62V8sQ/24reV2nyzUWM6H6Xji+GGHpkbLe7pVoUEskg==",
      "dev": true,
      "requires": {
        "@types/node": "*"
      }
    },
    "@types/jsonwebtoken": {
      "version": "9.0.10",
      "resolved": "https://registry.npmjs.org/@types/jsonwebtoken/-/jsonwebtoken-9.0.10.tgz",
      "integrity": "sha512-asx5hIG9Qmf/1oStypjanR7iKTv0gXQ1Ov/jfrX6kS/EO0OFni8orbmGCn0672NHR3kXHwpAwR+B368ZGN/2rA==",
      "dev": true,
      "requires": {
        "@types/ms": "*",
        "@types/node": "*"
      }
    },
    "@types/morgan": {
      "version": "1.9.10",
      "resolved": "https://registry.npmjs.org/@types/morgan/-/morgan-1.9.10.tgz",
      "integrity": "sha512-sS4A1zheMvsADRVfT0lYbJ4S9lmsey8Zo2F7cnbYjWHP67Q0AwMYuuzLlkIM2N8gAbb9cubhIVFwcIN2XyYCkA==",
      "dev": true,
      "requires": {
        "@types/node": "*"
      }
    },
    "@types/ms": {
      "version": "2.1.0",
      "resolved": "https://registry.npmjs.org/@types/ms/-/ms-2.1.0.tgz",
      "integrity": "sha512-GsCCIZDE/p3i96vtEqx+7dBUGXrc7zeSK3wwPHIaRThS+9OhWIXRqzs4d6k1SVU8g91DrNRWxWUGhp5KXQb2VA==",
      "dev": true
    },
    "@types/node": {
      "version": "24.1.0",
      "resolved": "https://registry.npmjs.org/@types/node/-/node-24.1.0.tgz",
      "integrity": "sha512-ut5FthK5moxFKH2T1CUOC6ctR67rQRvvHdFLCD2Ql6KXmMuCrjsSsRI9UsLCm9M18BMwClv4pn327UvB7eeO1w==",
      "dev": true,
      "requires": {
        "undici-types": "~7.8.0"
      }
    },
    "@types/uuid": {
      "version": "10.0.0",
      "resolved": "https://registry.npmjs.org/@types/uuid/-/uuid-10.0.0.tgz",
      "integrity": "sha512-7gqG38EyHgyP1S+7+xomFtL+ZNHcKv6DwNaCZmJmo1vgMugyF3TCnXVg4t1uk89mLNwnLtnY3TpOpCOyp1/xHQ==",
      "dev": true
    },
    "undici-types": {
      "version": "7.8.0",
      "resolved": "https://registry.npmjs.org/undici-types/-/undici-types-7.8.0.tgz",
      "integrity": "sha512-9UJ2xGDvQ43tYyVMpuHlsgApydB8ZKfVYTsLDhXkFL/6gfkp+U8xTGdh8pMJv1SpZna0zxG1DwsKZsreLbXBxw==",
      "dev": true
    }
  }
}
